// !$*UTF8*$!
{
	archiveVersion = 1;
	classes = {
	};
	objectVersion = 56;
	objects = {

/* Begin PBXBuildFile section */
		5247E1DC2A9A121500D98150 /* AppDelegate.swift in Sources */ = {isa = PBXBuildFile; fileRef = 5247E1DB2A9A121500D98150 /* AppDelegate.swift */; };
		5247E1DE2A9A121500D98150 /* SceneDelegate.swift in Sources */ = {isa = PBXBuildFile; fileRef = 5247E1DD2A9A121500D98150 /* SceneDelegate.swift */; };
		5247E1E02A9A121500D98150 /* ViewController.swift in Sources */ = {isa = PBXBuildFile; fileRef = 5247E1DF2A9A121500D98150 /* ViewController.swift */; };
		5247E1E32A9A121500D98150 /* Main.storyboard in Resources */ = {isa = PBXBuildFile; fileRef = 5247E1E12A9A121500D98150 /* Main.storyboard */; };
		5247E1E52A9A121600D98150 /* Assets.xcassets in Resources */ = {isa = PBXBuildFile; fileRef = 5247E1E42A9A121600D98150 /* Assets.xcassets */; };
		5247E1E82A9A121600D98150 /* LaunchScreen.storyboard in Resources */ = {isa = PBXBuildFile; fileRef = 5247E1E62A9A121600D98150 /* LaunchScreen.storyboard */; };
		5247E1F32A9A121600D98150 /* TestMediaDropBoxTests.swift in Sources */ = {isa = PBXBuildFile; fileRef = 5247E1F22A9A121600D98150 /* TestMediaDropBoxTests.swift */; };
		5247E1FD2A9A121600D98150 /* TestMediaDropBoxUITests.swift in Sources */ = {isa = PBXBuildFile; fileRef = 5247E1FC2A9A121600D98150 /* TestMediaDropBoxUITests.swift */; };
		5247E1FF2A9A121600D98150 /* TestMediaDropBoxUITestsLaunchTests.swift in Sources */ = {isa = PBXBuildFile; fileRef = 5247E1FE2A9A121600D98150 /* TestMediaDropBoxUITestsLaunchTests.swift */; };
/* End PBXBuildFile section */

/* Begin PBXContainerItemProxy section */
		5247E1EF2A9A121600D98150 /* PBXContainerItemProxy */ = {
			isa = PBXContainerItemProxy;
			containerPortal = 5247E1D02A9A121500D98150 /* Project object */;
			proxyType = 1;
			remoteGlobalIDString = 5247E1D72A9A121500D98150;
			remoteInfo = TestMediaDropBox;
		};
		5247E1F92A9A121600D98150 /* PBXContainerItemProxy */ = {
			isa = PBXContainerItemProxy;
			containerPortal = 5247E1D02A9A121500D98150 /* Project object */;
			proxyType = 1;
			remoteGlobalIDString = 5247E1D72A9A121500D98150;
			remoteInfo = TestMediaDropBox;
		};
/* End PBXContainerItemProxy section */

/* Begin PBXFileReference section */
		5247E1D82A9A121500D98150 /* TestMediaDropBox.app */ = {isa = PBXFileReference; explicitFileType = wrapper.application; includeInIndex = 0; path = TestMediaDropBox.app; sourceTree = BUILT_PRODUCTS_DIR; };
		5247E1DB2A9A121500D98150 /* AppDelegate.swift */ = {isa = PBXFileReference; lastKnownFileType = sourcecode.swift; path = AppDelegate.swift; sourceTree = "<group>"; };
		5247E1DD2A9A121500D98150 /* SceneDelegate.swift */ = {isa = PBXFileReference; lastKnownFileType = sourcecode.swift; path = SceneDelegate.swift; sourceTree = "<group>"; };
		5247E1DF2A9A121500D98150 /* ViewController.swift */ = {isa = PBXFileReference; lastKnownFileType = sourcecode.swift; path = ViewController.swift; sourceTree = "<group>"; };
		5247E1E22A9A121500D98150 /* Base */ = {isa = PBXFileReference; lastKnownFileType = file.storyboard; name = Base; path = Base.lproj/Main.storyboard; sourceTree = "<group>"; };
		5247E1E42A9A121600D98150 /* Assets.xcassets */ = {isa = PBXFileReference; lastKnownFileType = folder.assetcatalog; path = Assets.xcassets; sourceTree = "<group>"; };
		5247E1E72A9A121600D98150 /* Base */ = {isa = PBXFileReference; lastKnownFileType = file.storyboard; name = Base; path = Base.lproj/LaunchScreen.storyboard; sourceTree = "<group>"; };
		5247E1E92A9A121600D98150 /* Info.plist */ = {isa = PBXFileReference; lastKnownFileType = text.plist.xml; path = Info.plist; sourceTree = "<group>"; };
		5247E1EE2A9A121600D98150 /* TestMediaDropBoxTests.xctest */ = {isa = PBXFileReference; explicitFileType = wrapper.cfbundle; includeInIndex = 0; path = TestMediaDropBoxTests.xctest; sourceTree = BUILT_PRODUCTS_DIR; };
		5247E1F22A9A121600D98150 /* TestMediaDropBoxTests.swift */ = {isa = PBXFileReference; lastKnownFileType = sourcecode.swift; path = TestMediaDropBoxTests.swift; sourceTree = "<group>"; };
		5247E1F82A9A121600D98150 /* TestMediaDropBoxUITests.xctest */ = {isa = PBXFileReference; explicitFileType = wrapper.cfbundle; includeInIndex = 0; path = TestMediaDropBoxUITests.xctest; sourceTree = BUILT_PRODUCTS_DIR; };
		5247E1FC2A9A121600D98150 /* TestMediaDropBoxUITests.swift */ = {isa = PBXFileReference; lastKnownFileType = sourcecode.swift; path = TestMediaDropBoxUITests.swift; sourceTree = "<group>"; };
		5247E1FE2A9A121600D98150 /* TestMediaDropBoxUITestsLaunchTests.swift */ = {isa = PBXFileReference; lastKnownFileType = sourcecode.swift; path = TestMediaDropBoxUITestsLaunchTests.swift; sourceTree = "<group>"; };
/* End PBXFileReference section */

/* Begin PBXFrameworksBuildPhase section */
		5247E1D52A9A121500D98150 /* Frameworks */ = {
			isa = PBXFrameworksBuildPhase;
			buildActionMask = 2147483647;
			files = (
			);
			runOnlyForDeploymentPostprocessing = 0;
		};
		5247E1EB2A9A121600D98150 /* Frameworks */ = {
			isa = PBXFrameworksBuildPhase;
			buildActionMask = 2147483647;
			files = (
			);
			runOnlyForDeploymentPostprocessing = 0;
		};
		5247E1F52A9A121600D98150 /* Frameworks */ = {
			isa = PBXFrameworksBuildPhase;
			buildActionMask = 2147483647;
			files = (
			);
			runOnlyForDeploymentPostprocessing = 0;
		};
/* End PBXFrameworksBuildPhase section */

/* Begin PBXGroup section */
		5247E1CF2A9A121500D98150 = {
			isa = PBXGroup;
			children = (
				5247E1DA2A9A121500D98150 /* TestMediaDropBox */,
				5247E1F12A9A121600D98150 /* TestMediaDropBoxTests */,
				5247E1FB2A9A121600D98150 /* TestMediaDropBoxUITests */,
				5247E1D92A9A121500D98150 /* Products */,
			);
			sourceTree = "<group>";
		};
		5247E1D92A9A121500D98150 /* Products */ = {
			isa = PBXGroup;
			children = (
				5247E1D82A9A121500D98150 /* TestMediaDropBox.app */,
				5247E1EE2A9A121600D98150 /* TestMediaDropBoxTests.xctest */,
				5247E1F82A9A121600D98150 /* TestMediaDropBoxUITests.xctest */,
			);
			name = Products;
			sourceTree = "<group>";
		};
		5247E1DA2A9A121500D98150 /* TestMediaDropBox */ = {
			isa = PBXGroup;
			children = (
				5247E1DB2A9A121500D98150 /* AppDelegate.swift */,
				5247E1DD2A9A121500D98150 /* SceneDelegate.swift */,
				5247E1DF2A9A121500D98150 /* ViewController.swift */,
				5247E1E12A9A121500D98150 /* Main.storyboard */,
				5247E1E42A9A121600D98150 /* Assets.xcassets */,
				5247E1E62A9A121600D98150 /* LaunchScreen.storyboard */,
				5247E1E92A9A121600D98150 /* Info.plist */,
			);
			path = TestMediaDropBox;
			sourceTree = "<group>";
		};
		5247E1F12A9A121600D98150 /* TestMediaDropBoxTests */ = {
			isa = PBXGroup;
			children = (
				5247E1F22A9A121600D98150 /* TestMediaDropBoxTests.swift */,
			);
			path = TestMediaDropBoxTests;
			sourceTree = "<group>";
		};
		5247E1FB2A9A121600D98150 /* TestMediaDropBoxUITests */ = {
			isa = PBXGroup;
			children = (
				5247E1FC2A9A121600D98150 /* TestMediaDropBoxUITests.swift */,
				5247E1FE2A9A121600D98150 /* TestMediaDropBoxUITestsLaunchTests.swift */,
			);
			path = TestMediaDropBoxUITests;
			sourceTree = "<group>";
		};
/* End PBXGroup section */

/* Begin PBXNativeTarget section */
		5247E1D72A9A121500D98150 /* TestMediaDropBox */ = {
			isa = PBXNativeTarget;
			buildConfigurationList = 5247E2022A9A121600D98150 /* Build configuration list for PBXNativeTarget "TestMediaDropBox" */;
			buildPhases = (
				5247E1D42A9A121500D98150 /* Sources */,
				5247E1D52A9A121500D98150 /* Frameworks */,
				5247E1D62A9A121500D98150 /* Resources */,
			);
			buildRules = (
			);
			dependencies = (
			);
			name = TestMediaDropBox;
			productName = TestMediaDropBox;
			productReference = 5247E1D82A9A121500D98150 /* TestMediaDropBox.app */;
			productType = "com.apple.product-type.application";
		};
		5247E1ED2A9A121600D98150 /* TestMediaDropBoxTests */ = {
			isa = PBXNativeTarget;
			buildConfigurationList = 5247E2052A9A121600D98150 /* Build configuration list for PBXNativeTarget "TestMediaDropBoxTests" */;
			buildPhases = (
				5247E1EA2A9A121600D98150 /* Sources */,
				5247E1EB2A9A121600D98150 /* Frameworks */,
				5247E1EC2A9A121600D98150 /* Resources */,
			);
			buildRules = (
			);
			dependencies = (
				5247E1F02A9A121600D98150 /* PBXTargetDependency */,
			);
			name = TestMediaDropBoxTests;
			productName = TestMediaDropBoxTests;
			productReference = 5247E1EE2A9A121600D98150 /* TestMediaDropBoxTests.xctest */;
			productType = "com.apple.product-type.bundle.unit-test";
		};
		5247E1F72A9A121600D98150 /* TestMediaDropBoxUITests */ = {
			isa = PBXNativeTarget;
			buildConfigurationList = 5247E2082A9A121600D98150 /* Build configuration list for PBXNativeTarget "TestMediaDropBoxUITests" */;
			buildPhases = (
				5247E1F42A9A121600D98150 /* Sources */,
				5247E1F52A9A121600D98150 /* Frameworks */,
				5247E1F62A9A121600D98150 /* Resources */,
			);
			buildRules = (
			);
			dependencies = (
				5247E1FA2A9A121600D98150 /* PBXTargetDependency */,
			);
			name = TestMediaDropBoxUITests;
			productName = TestMediaDropBoxUITests;
			productReference = 5247E1F82A9A121600D98150 /* TestMediaDropBoxUITests.xctest */;
			productType = "com.apple.product-type.bundle.ui-testing";
		};
/* End PBXNativeTarget section */

/* Begin PBXProject section */
		5247E1D02A9A121500D98150 /* Project object */ = {
			isa = PBXProject;
			attributes = {
				BuildIndependentTargetsInParallel = 1;
				LastSwiftUpdateCheck = 1420;
				LastUpgradeCheck = 1420;
				TargetAttributes = {
					5247E1D72A9A121500D98150 = {
						CreatedOnToolsVersion = 14.2;
					};
					5247E1ED2A9A121600D98150 = {
						CreatedOnToolsVersion = 14.2;
						TestTargetID = 5247E1D72A9A121500D98150;
					};
					5247E1F72A9A121600D98150 = {
						CreatedOnToolsVersion = 14.2;
						TestTargetID = 5247E1D72A9A121500D98150;
					};
				};
			};
			buildConfigurationList = 5247E1D32A9A121500D98150 /* Build configuration list for PBXProject "TestMediaDropBox" */;
			compatibilityVersion = "Xcode 14.0";
			developmentRegion = en;
			hasScannedForEncodings = 0;
			knownRegions = (
				en,
				Base,
			);
			mainGroup = 5247E1CF2A9A121500D98150;
			productRefGroup = 5247E1D92A9A121500D98150 /* Products */;
			projectDirPath = "";
			projectRoot = "";
			targets = (
				5247E1D72A9A121500D98150 /* TestMediaDropBox */,
				5247E1ED2A9A121600D98150 /* TestMediaDropBoxTests */,
				5247E1F72A9A121600D98150 /* TestMediaDropBoxUITests */,
			);
		};
/* End PBXProject section */

/* Begin PBXResourcesBuildPhase section */
		5247E1D62A9A121500D98150 /* Resources */ = {
			isa = PBXResourcesBuildPhase;
			buildActionMask = 2147483647;
			files = (
				5247E1E82A9A121600D98150 /* LaunchScreen.storyboard in Resources */,
				5247E1E52A9A121600D98150 /* Assets.xcassets in Resources */,
				5247E1E32A9A121500D98150 /* Main.storyboard in Resources */,
			);
			runOnlyForDeploymentPostprocessing = 0;
		};
		5247E1EC2A9A121600D98150 /* Resources */ = {
			isa = PBXResourcesBuildPhase;
			buildActionMask = 2147483647;
			files = (
			);
			runOnlyForDeploymentPostprocessing = 0;
		};
		5247E1F62A9A121600D98150 /* Resources */ = {
			isa = PBXResourcesBuildPhase;
			buildActionMask = 2147483647;
			files = (
			);
			runOnlyForDeploymentPostprocessing = 0;
		};
/* End PBXResourcesBuildPhase section */

/* Begin PBXSourcesBuildPhase section */
		5247E1D42A9A121500D98150 /* Sources */ = {
			isa = PBXSourcesBuildPhase;
			buildActionMask = 2147483647;
			files = (
				5247E1E02A9A121500D98150 /* ViewController.swift in Sources */,
				5247E1DC2A9A121500D98150 /* AppDelegate.swift in Sources */,
				5247E1DE2A9A121500D98150 /* SceneDelegate.swift in Sources */,
			);
			runOnlyForDeploymentPostprocessing = 0;
		};
		5247E1EA2A9A121600D98150 /* Sources */ = {
			isa = PBXSourcesBuildPhase;
			buildActionMask = 2147483647;
			files = (
				5247E1F32A9A121600D98150 /* TestMediaDropBoxTests.swift in Sources */,
			);
			runOnlyForDeploymentPostprocessing = 0;
		};
		5247E1F42A9A121600D98150 /* Sources */ = {
			isa = PBXSourcesBuildPhase;
			buildActionMask = 2147483647;
			files = (
				5247E1FF2A9A121600D98150 /* TestMediaDropBoxUITestsLaunchTests.swift in Sources */,
				5247E1FD2A9A121600D98150 /* TestMediaDropBoxUITests.swift in Sources */,
			);
			runOnlyForDeploymentPostprocessing = 0;
		};
/* End PBXSourcesBuildPhase section */

/* Begin PBXTargetDependency section */
		5247E1F02A9A121600D98150 /* PBXTargetDependency */ = {
			isa = PBXTargetDependency;
			target = 5247E1D72A9A121500D98150 /* TestMediaDropBox */;
			targetProxy = 5247E1EF2A9A121600D98150 /* PBXContainerItemProxy */;
		};
		5247E1FA2A9A121600D98150 /* PBXTargetDependency */ = {
			isa = PBXTargetDependency;
			target = 5247E1D72A9A121500D98150 /* TestMediaDropBox */;
			targetProxy = 5247E1F92A9A121600D98150 /* PBXContainerItemProxy */;
		};
/* End PBXTargetDependency section */

/* Begin PBXVariantGroup section */
		5247E1E12A9A121500D98150 /* Main.storyboard */ = {
			isa = PBXVariantGroup;
			children = (
				5247E1E22A9A121500D98150 /* Base */,
			);
			name = Main.storyboard;
			sourceTree = "<group>";
		};
		5247E1E62A9A121600D98150 /* LaunchScreen.storyboard */ = {
			isa = PBXVariantGroup;
			children = (
				5247E1E72A9A121600D98150 /* Base */,
			);
			name = LaunchScreen.storyboard;
			sourceTree = "<group>";
		};
/* End PBXVariantGroup section */

/* Begin XCBuildConfiguration section */
		5247E2002A9A121600D98150 /* Debug */ = {
			isa = XCBuildConfiguration;
			buildSettings = {
				ALWAYS_SEARCH_USER_PATHS = NO;
				CLANG_ANALYZER_NONNULL = YES;
				CLANG_ANALYZER_NUMBER_OBJECT_CONVERSION = YES_AGGRESSIVE;
				CLANG_CXX_LANGUAGE_STANDARD = "gnu++20";
				CLANG_ENABLE_MODULES = YES;
				CLANG_ENABLE_OBJC_ARC = YES;
				CLANG_ENABLE_OBJC_WEAK = YES;
				CLANG_WARN_BLOCK_CAPTURE_AUTORELEASING = YES;
				CLANG_WARN_BOOL_CONVERSION = YES;
				CLANG_WARN_COMMA = YES;
				CLANG_WARN_CONSTANT_CONVERSION = YES;
				CLANG_WARN_DEPRECATED_OBJC_IMPLEMENTATIONS = YES;
				CLANG_WARN_DIRECT_OBJC_ISA_USAGE = YES_ERROR;
				CLANG_WARN_DOCUMENTATION_COMMENTS = YES;
				CLANG_WARN_EMPTY_BODY = YES;
				CLANG_WARN_ENUM_CONVERSION = YES;
				CLANG_WARN_INFINITE_RECURSION = YES;
				CLANG_WARN_INT_CONVERSION = YES;
				CLANG_WARN_NON_LITERAL_NULL_CONVERSION = YES;
				CLANG_WARN_OBJC_IMPLICIT_RETAIN_SELF = YES;
				CLANG_WARN_OBJC_LITERAL_CONVERSION = YES;
				CLANG_WARN_OBJC_ROOT_CLASS = YES_ERROR;
				CLANG_WARN_QUOTED_INCLUDE_IN_FRAMEWORK_HEADER = YES;
				CLANG_WARN_RANGE_LOOP_ANALYSIS = YES;
				CLANG_WARN_STRICT_PROTOTYPES = YES;
				CLANG_WARN_SUSPICIOUS_MOVE = YES;
				CLANG_WARN_UNGUARDED_AVAILABILITY = YES_AGGRESSIVE;
				CLANG_WARN_UNREACHABLE_CODE = YES;
				CLANG_WARN__DUPLICATE_METHOD_MATCH = YES;
				COPY_PHASE_STRIP = NO;
				DEBUG_INFORMATION_FORMAT = dwarf;
				ENABLE_STRICT_OBJC_MSGSEND = YES;
				ENABLE_TESTABILITY = YES;
				GCC_C_LANGUAGE_STANDARD = gnu11;
				GCC_DYNAMIC_NO_PIC = NO;
				GCC_NO_COMMON_BLOCKS = YES;
				GCC_OPTIMIZATION_LEVEL = 0;
				GCC_PREPROCESSOR_DEFINITIONS = (
					"DEBUG=1",
					"$(inherited)",
				);
				GCC_WARN_64_TO_32_BIT_CONVERSION = YES;
				GCC_WARN_ABOUT_RETURN_TYPE = YES_ERROR;
				GCC_WARN_UNDECLARED_SELECTOR = YES;
				GCC_WARN_UNINITIALIZED_AUTOS = YES_AGGRESSIVE;
				GCC_WARN_UNUSED_FUNCTION = YES;
				GCC_WARN_UNUSED_VARIABLE = YES;
				IPHONEOS_DEPLOYMENT_TARGET = 16.2;
				MTL_ENABLE_DEBUG_INFO = INCLUDE_SOURCE;
				MTL_FAST_MATH = YES;
				ONLY_ACTIVE_ARCH = YES;
				SDKROOT = iphoneos;
				SWIFT_ACTIVE_COMPILATION_CONDITIONS = DEBUG;
				SWIFT_OPTIMIZATION_LEVEL = "-Onone";
			};
			name = Debug;
		};
		5247E2012A9A121600D98150 /* Release */ = {
			isa = XCBuildConfiguration;
			buildSettings = {
				ALWAYS_SEARCH_USER_PATHS = NO;
				CLANG_ANALYZER_NONNULL = YES;
				CLANG_ANALYZER_NUMBER_OBJECT_CONVERSION = YES_AGGRESSIVE;
				CLANG_CXX_LANGUAGE_STANDARD = "gnu++20";
				CLANG_ENABLE_MODULES = YES;
				CLANG_ENABLE_OBJC_ARC = YES;
				CLANG_ENABLE_OBJC_WEAK = YES;
				CLANG_WARN_BLOCK_CAPTURE_AUTORELEASING = YES;
				CLANG_WARN_BOOL_CONVERSION = YES;
				CLANG_WARN_COMMA = YES;
				CLANG_WARN_CONSTANT_CONVERSION = YES;
				CLANG_WARN_DEPRECATED_OBJC_IMPLEMENTATIONS = YES;
				CLANG_WARN_DIRECT_OBJC_ISA_USAGE = YES_ERROR;
				CLANG_WARN_DOCUMENTATION_COMMENTS = YES;
				CLANG_WARN_EMPTY_BODY = YES;
				CLANG_WARN_ENUM_CONVERSION = YES;
				CLANG_WARN_INFINITE_RECURSION = YES;
				CLANG_WARN_INT_CONVERSION = YES;
				CLANG_WARN_NON_LITERAL_NULL_CONVERSION = YES;
				CLANG_WARN_OBJC_IMPLICIT_RETAIN_SELF = YES;
				CLANG_WARN_OBJC_LITERAL_CONVERSION = YES;
				CLANG_WARN_OBJC_ROOT_CLASS = YES_ERROR;
				CLANG_WARN_QUOTED_INCLUDE_IN_FRAMEWORK_HEADER = YES;
				CLANG_WARN_RANGE_LOOP_ANALYSIS = YES;
				CLANG_WARN_STRICT_PROTOTYPES = YES;
				CLANG_WARN_SUSPICIOUS_MOVE = YES;
				CLANG_WARN_UNGUARDED_AVAILABILITY = YES_AGGRESSIVE;
				CLANG_WARN_UNREACHABLE_CODE = YES;
				CLANG_WARN__DUPLICATE_METHOD_MATCH = YES;
				COPY_PHASE_STRIP = NO;
				DEBUG_INFORMATION_FORMAT = "dwarf-with-dsym";
				ENABLE_NS_ASSERTIONS = NO;
				ENABLE_STRICT_OBJC_MSGSEND = YES;
				GCC_C_LANGUAGE_STANDARD = gnu11;
				GCC_NO_COMMON_BLOCKS = YES;
				GCC_WARN_64_TO_32_BIT_CONVERSION = YES;
				GCC_WARN_ABOUT_RETURN_TYPE = YES_ERROR;
				GCC_WARN_UNDECLARED_SELECTOR = YES;
				GCC_WARN_UNINITIALIZED_AUTOS = YES_AGGRESSIVE;
				GCC_WARN_UNUSED_FUNCTION = YES;
				GCC_WARN_UNUSED_VARIABLE = YES;
				IPHONEOS_DEPLOYMENT_TARGET = 16.2;
				MTL_ENABLE_DEBUG_INFO = NO;
				MTL_FAST_MATH = YES;
				SDKROOT = iphoneos;
				SWIFT_COMPILATION_MODE = wholemodule;
				SWIFT_OPTIMIZATION_LEVEL = "-O";
				VALIDATE_PRODUCT = YES;
			};
			name = Release;
		};
		5247E2032A9A121600D98150 /* Debug */ = {
			isa = XCBuildConfiguration;
			buildSettings = {
				ASSETCATALOG_COMPILER_APPICON_NAME = AppIcon;
				ASSETCATALOG_COMPILER_GLOBAL_ACCENT_COLOR_NAME = AccentColor;
				CODE_SIGN_STYLE = Automatic;
				CURRENT_PROJECT_VERSION = 1;
				DEVELOPMENT_TEAM = D38R8B56PJ;
				GENERATE_INFOPLIST_FILE = YES;
				INFOPLIST_FILE = TestMediaDropBox/Info.plist;
				INFOPLIST_KEY_UIApplicationSupportsIndirectInputEvents = YES;
				INFOPLIST_KEY_UILaunchStoryboardName = LaunchScreen;
				INFOPLIST_KEY_UIMainStoryboardFile = Main;
				INFOPLIST_KEY_UISupportedInterfaceOrientations_iPad = "UIInterfaceOrientationPortrait UIInterfaceOrientationPortraitUpsideDown UIInterfaceOrientationLandscapeLeft UIInterfaceOrientationLandscapeRight";
				INFOPLIST_KEY_UISupportedInterfaceOrientations_iPhone = "UIInterfaceOrientationPortrait UIInterfaceOrientationLandscapeLeft UIInterfaceOrientationLandscapeRight";
				LD_RUNPATH_SEARCH_PATHS = (
					"$(inherited)",
					"@executable_path/Frameworks",
				);
				MARKETING_VERSION = 1.0;
				PRODUCT_BUNDLE_IDENTIFIER = com.ihor.TestMediaDropBox;
				PRODUCT_NAME = "$(TARGET_NAME)";
				SWIFT_EMIT_LOC_STRINGS = YES;
				SWIFT_VERSION = 5.0;
				TARGETED_DEVICE_FAMILY = "1,2";
			};
			name = Debug;
		};
		5247E2042A9A121600D98150 /* Release */ = {
			isa = XCBuildConfiguration;
			buildSettings = {
				ASSETCATALOG_COMPILER_APPICON_NAME = AppIcon;
				ASSETCATALOG_COMPILER_GLOBAL_ACCENT_COLOR_NAME = AccentColor;
				CODE_SIGN_STYLE = Automatic;
				CURRENT_PROJECT_VERSION = 1;
				DEVELOPMENT_TEAM = D38R8B56PJ;
				GENERATE_INFOPLIST_FILE = YES;
				INFOPLIST_FILE = TestMediaDropBox/Info.plist;
				INFOPLIST_KEY_UIApplicationSupportsIndirectInputEvents = YES;
				INFOPLIST_KEY_UILaunchStoryboardName = LaunchScreen;
				INFOPLIST_KEY_UIMainStoryboardFile = Main;
				INFOPLIST_KEY_UISupportedInterfaceOrientations_iPad = "UIInterfaceOrientationPortrait UIInterfaceOrientationPortraitUpsideDown UIInterfaceOrientationLandscapeLeft UIInterfaceOrientationLandscapeRight";
				INFOPLIST_KEY_UISupportedInterfaceOrientations_iPhone = "UIInterfaceOrientationPortrait UIInterfaceOrientationLandscapeLeft UIInterfaceOrientationLandscapeRight";
				LD_RUNPATH_SEARCH_PATHS = (
					"$(inherited)",
					"@executable_path/Frameworks",
				);
				MARKETING_VERSION = 1.0;
				PRODUCT_BUNDLE_IDENTIFIER = com.ihor.TestMediaDropBox;
				PRODUCT_NAME = "$(TARGET_NAME)";
				SWIFT_EMIT_LOC_STRINGS = YES;
				SWIFT_VERSION = 5.0;
				TARGETED_DEVICE_FAMILY = "1,2";
			};
			name = Release;
		};
		5247E2062A9A121600D98150 /* Debug */ = {
			isa = XCBuildConfiguration;
			buildSettings = {
				ALWAYS_EMBED_SWIFT_STANDARD_LIBRARIES = YES;
				BUNDLE_LOADER = "$(TEST_HOST)";
				CODE_SIGN_STYLE = Automatic;
				CURRENT_PROJECT_VERSION = 1;
				DEVELOPMENT_TEAM = D38R8B56PJ;
				GENERATE_INFOPLIST_FILE = YES;
				IPHONEOS_DEPLOYMENT_TARGET = 16.2;
				MARKETING_VERSION = 1.0;
				PRODUCT_BUNDLE_IDENTIFIER = com.ihor.TestMediaDropBoxTests;
				PRODUCT_NAME = "$(TARGET_NAME)";
				SWIFT_EMIT_LOC_STRINGS = NO;
				SWIFT_VERSION = 5.0;
				TARGETED_DEVICE_FAMILY = "1,2";
				TEST_HOST = "$(BUILT_PRODUCTS_DIR)/TestMediaDropBox.app/$(BUNDLE_EXECUTABLE_FOLDER_PATH)/TestMediaDropBox";
			};
			name = Debug;
		};
		5247E2072A9A121600D98150 /* Release */ = {
			isa = XCBuildConfiguration;
			buildSettings = {
				ALWAYS_EMBED_SWIFT_STANDARD_LIBRARIES = YES;
				BUNDLE_LOADER = "$(TEST_HOST)";
				CODE_SIGN_STYLE = Automatic;
				CURRENT_PROJECT_VERSION = 1;
				DEVELOPMENT_TEAM = D38R8B56PJ;
				GENERATE_INFOPLIST_FILE = YES;
				IPHONEOS_DEPLOYMENT_TARGET = 16.2;
				MARKETING_VERSION = 1.0;
				PRODUCT_BUNDLE_IDENTIFIER = com.ihor.TestMediaDropBoxTests;
				PRODUCT_NAME = "$(TARGET_NAME)";
				SWIFT_EMIT_LOC_STRINGS = NO;
				SWIFT_VERSION = 5.0;
				TARGETED_DEVICE_FAMILY = "1,2";
				TEST_HOST = "$(BUILT_PRODUCTS_DIR)/TestMediaDropBox.app/$(BUNDLE_EXECUTABLE_FOLDER_PATH)/TestMediaDropBox";
			};
			name = Release;
		};
		5247E2092A9A121600D98150 /* Debug */ = {
			isa = XCBuildConfiguration;
			buildSettings = {
				ALWAYS_EMBED_SWIFT_STANDARD_LIBRARIES = YES;
				CODE_SIGN_STYLE = Automatic;
				CURRENT_PROJECT_VERSION = 1;
				DEVELOPMENT_TEAM = D38R8B56PJ;
				GENERATE_INFOPLIST_FILE = YES;
				MARKETING_VERSION = 1.0;
				PRODUCT_BUNDLE_IDENTIFIER = com.ihor.TestMediaDropBoxUITests;
				PRODUCT_NAME = "$(TARGET_NAME)";
				SWIFT_EMIT_LOC_STRINGS = NO;
				SWIFT_VERSION = 5.0;
				TARGETED_DEVICE_FAMILY = "1,2";
				TEST_TARGET_NAME = TestMediaDropBox;
			};
			name = Debug;
		};
		5247E20A2A9A121600D98150 /* Release */ = {
			isa = XCBuildConfiguration;
			buildSettings = {
				ALWAYS_EMBED_SWIFT_STANDARD_LIBRARIES = YES;
				CODE_SIGN_STYLE = Automatic;
				CURRENT_PROJECT_VERSION = 1;
				DEVELOPMENT_TEAM = D38R8B56PJ;
				GENERATE_INFOPLIST_FILE = YES;
				MARKETING_VERSION = 1.0;
				PRODUCT_BUNDLE_IDENTIFIER = com.ihor.TestMediaDropBoxUITests;
				PRODUCT_NAME = "$(TARGET_NAME)";
				SWIFT_EMIT_LOC_STRINGS = NO;
				SWIFT_VERSION = 5.0;
				TARGETED_DEVICE_FAMILY = "1,2";
				TEST_TARGET_NAME = TestMediaDropBox;
			};
			name = Release;
		};
/* End XCBuildConfiguration section */

/* Begin XCConfigurationList section */
		5247E1D32A9A121500D98150 /* Build configuration list for PBXProject "TestMediaDropBox" */ = {
			isa = XCConfigurationList;
			buildConfigurations = (
				5247E2002A9A121600D98150 /* Debug */,
				5247E2012A9A121600D98150 /* Release */,
			);
			defaultConfigurationIsVisible = 0;
			defaultConfigurationName = Release;
		};
		5247E2022A9A121600D98150 /* Build configuration list for PBXNativeTarget "TestMediaDropBox" */ = {
			isa = XCConfigurationList;
			buildConfigurations = (
				5247E2032A9A121600D98150 /* Debug */,
				5247E2042A9A121600D98150 /* Release */,
			);
			defaultConfigurationIsVisible = 0;
			defaultConfigurationName = Release;
		};
		5247E2052A9A121600D98150 /* Build configuration list for PBXNativeTarget "TestMediaDropBoxTests" */ = {
			isa = XCConfigurationList;
			buildConfigurations = (
				5247E2062A9A121600D98150 /* Debug */,
				5247E2072A9A121600D98150 /* Release */,
			);
			defaultConfigurationIsVisible = 0;
			defaultConfigurationName = Release;
		};
		5247E2082A9A121600D98150 /* Build configuration list for PBXNativeTarget "TestMediaDropBoxUITests" */ = {
			isa = XCConfigurationList;
			buildConfigurations = (
				5247E2092A9A121600D98150 /* Debug */,
				5247E20A2A9A121600D98150 /* Release */,
			);
			defaultConfigurationIsVisible = 0;
			defaultConfigurationName = Release;
		};
/* End XCConfigurationList section */
	};
	rootObject = 5247E1D02A9A121500D98150 /* Project object */;
}
